
Microsoft Visual Studio Solution File, Format Version 12.00
# Visual Studio Version 16
VisualStudioVersion = 16.0.30804.86
MinimumVisualStudioVersion = 10.0.40219.1
Project("{FAE04EC0-301F-11D3-BF4B-00C04F79EFBC}") = "WebApiTienda", "WebApiTienda.csproj", "{7E34923C-DB93-4E3F-B105-1BAF1DC0692C}"
EndProject
Global
	GlobalSection(SolutionConfigurationPlatforms) = preSolution
		Debug|Any CPU = Debug|Any CPU
		Release|Any CPU = Release|Any CPU
	EndGlobalSection
	GlobalSection(ProjectConfigurationPlatforms) = postSolution
		{7E34923C-DB93-4E3F-B105-1BAF1DC0692C}.Debug|Any CPU.ActiveCfg = Debug|Any CPU
		{7E34923C-DB93-4E3F-B105-1BAF1DC0692C}.Debug|Any CPU.Build.0 = Debug|Any CPU
		{7E34923C-DB93-4E3F-B105-1BAF1DC0692C}.Release|Any CPU.ActiveCfg = Release|Any CPU
		{7E34923C-DB93-4E3F-B105-1BAF1DC0692C}.Release|Any CPU.Build.0 = Release|Any CPU
	EndGlobalSection
	GlobalSection(SolutionProperties) = preSolution
		HideSolutionNode = FALSE
	EndGlobalSection
	GlobalSection(ExtensibilityGlobals) = postSolution
		SolutionGuid = {00F503E4-D4DA-4720-B253-310637922156}
	EndGlobalSection
EndGlobal
